// !$*UTF8*$!
{
	archiveVersion = 1;
	classes = {
	};
	objectVersion = 50;
	objects = {

/* Begin PBXBuildFile section */
		124FC10625A35A930078F7D9 /* AppDelegate.swift in Sources */ = {isa = PBXBuildFile; fileRef = 124FC10525A35A930078F7D9 /* AppDelegate.swift */; };
		124FC10825A35A930078F7D9 /* SceneDelegate.swift in Sources */ = {isa = PBXBuildFile; fileRef = 124FC10725A35A930078F7D9 /* SceneDelegate.swift */; };
		124FC10D25A35A930078F7D9 /* Main.storyboard in Resources */ = {isa = PBXBuildFile; fileRef = 124FC10B25A35A930078F7D9 /* Main.storyboard */; };
		124FC10F25A35A940078F7D9 /* Assets.xcassets in Resources */ = {isa = PBXBuildFile; fileRef = 124FC10E25A35A940078F7D9 /* Assets.xcassets */; };
		124FC11225A35A940078F7D9 /* LaunchScreen.storyboard in Resources */ = {isa = PBXBuildFile; fileRef = 124FC11025A35A940078F7D9 /* LaunchScreen.storyboard */; };
		124FC11C25A35C660078F7D9 /* PickerImgViewController.swift in Sources */ = {isa = PBXBuildFile; fileRef = 124FC11B25A35C660078F7D9 /* PickerImgViewController.swift */; };
		124FC11F25A35C730078F7D9 /* PickerDocViewController.swift in Sources */ = {isa = PBXBuildFile; fileRef = 124FC11E25A35C730078F7D9 /* PickerDocViewController.swift */; };
/* End PBXBuildFile section */

/* Begin PBXFileReference section */
		124FC10225A35A930078F7D9 /* tryPickerWork.app */ = {isa = PBXFileReference; explicitFileType = wrapper.application; includeInIndex = 0; path = tryPickerWork.app; sourceTree = BUILT_PRODUCTS_DIR; };
		124FC10525A35A930078F7D9 /* AppDelegate.swift */ = {isa = PBXFileReference; lastKnownFileType = sourcecode.swift; path = AppDelegate.swift; sourceTree = "<group>"; };
		124FC10725A35A930078F7D9 /* SceneDelegate.swift */ = {isa = PBXFileReference; lastKnownFileType = sourcecode.swift; path = SceneDelegate.swift; sourceTree = "<group>"; };
		124FC10C25A35A930078F7D9 /* Base */ = {isa = PBXFileReference; lastKnownFileType = file.storyboard; name = Base; path = Base.lproj/Main.storyboard; sourceTree = "<group>"; };
		124FC10E25A35A940078F7D9 /* Assets.xcassets */ = {isa = PBXFileReference; lastKnownFileType = folder.assetcatalog; path = Assets.xcassets; sourceTree = "<group>"; };
		124FC11125A35A940078F7D9 /* Base */ = {isa = PBXFileReference; lastKnownFileType = file.storyboard; name = Base; path = Base.lproj/LaunchScreen.storyboard; sourceTree = "<group>"; };
		124FC11325A35A940078F7D9 /* Info.plist */ = {isa = PBXFileReference; lastKnownFileType = text.plist.xml; path = Info.plist; sourceTree = "<group>"; };
		124FC11B25A35C660078F7D9 /* PickerImgViewController.swift */ = {isa = PBXFileReference; lastKnownFileType = sourcecode.swift; path = PickerImgViewController.swift; sourceTree = "<group>"; };
		124FC11E25A35C730078F7D9 /* PickerDocViewController.swift */ = {isa = PBXFileReference; lastKnownFileType = sourcecode.swift; path = PickerDocViewController.swift; sourceTree = "<group>"; };
/* End PBXFileReference section */

/* Begin PBXFrameworksBuildPhase section */
		124FC0FF25A35A930078F7D9 /* Frameworks */ = {
			isa = PBXFrameworksBuildPhase;
			buildActionMask = 2147483647;
			files = (
			);
			runOnlyForDeploymentPostprocessing = 0;
		};
/* End PBXFrameworksBuildPhase section */

/* Begin PBXGroup section */
		124FC0F925A35A930078F7D9 = {
			isa = PBXGroup;
			children = (
				124FC10425A35A930078F7D9 /* tryPickerWork */,
				124FC10325A35A930078F7D9 /* Products */,
			);
			sourceTree = "<group>";
		};
		124FC10325A35A930078F7D9 /* Products */ = {
			isa = PBXGroup;
			children = (
				124FC10225A35A930078F7D9 /* tryPickerWork.app */,
			);
			name = Products;
			sourceTree = "<group>";
		};
		124FC10425A35A930078F7D9 /* tryPickerWork */ = {
			isa = PBXGroup;
			children = (
				124FC10525A35A930078F7D9 /* AppDelegate.swift */,
				124FC10725A35A930078F7D9 /* SceneDelegate.swift */,
				124FC11E25A35C730078F7D9 /* PickerDocViewController.swift */,
				124FC11B25A35C660078F7D9 /* PickerImgViewController.swift */,
				124FC10B25A35A930078F7D9 /* Main.storyboard */,
				124FC10E25A35A940078F7D9 /* Assets.xcassets */,
				124FC11025A35A940078F7D9 /* LaunchScreen.storyboard */,
				124FC11325A35A940078F7D9 /* Info.plist */,
			);
			path = tryPickerWork;
			sourceTree = "<group>";
		};
/* End PBXGroup section */

/* Begin PBXNativeTarget section */
		124FC10125A35A930078F7D9 /* tryPickerWork */ = {
			isa = PBXNativeTarget;
			buildConfigurationList = 124FC11625A35A940078F7D9 /* Build configuration list for PBXNativeTarget "tryPickerWork" */;
			buildPhases = (
				124FC0FE25A35A930078F7D9 /* Sources */,
				124FC0FF25A35A930078F7D9 /* Frameworks */,
				124FC10025A35A930078F7D9 /* Resources */,
			);
			buildRules = (
			);
			dependencies = (
			);
			name = tryPickerWork;
			productName = tryPickerWork;
			productReference = 124FC10225A35A930078F7D9 /* tryPickerWork.app */;
			productType = "com.apple.product-type.application";
		};
/* End PBXNativeTarget section */

/* Begin PBXProject section */
		124FC0FA25A35A930078F7D9 /* Project object */ = {
			isa = PBXProject;
			attributes = {
				LastSwiftUpdateCheck = 1230;
				LastUpgradeCheck = 1230;
				TargetAttributes = {
					124FC10125A35A930078F7D9 = {
						CreatedOnToolsVersion = 12.3;
					};
				};
			};
			buildConfigurationList = 124FC0FD25A35A930078F7D9 /* Build configuration list for PBXProject "tryPickerWork" */;
			compatibilityVersion = "Xcode 9.3";
			developmentRegion = en;
			hasScannedForEncodings = 0;
			knownRegions = (
				en,
				Base,
			);
			mainGroup = 124FC0F925A35A930078F7D9;
			productRefGroup = 124FC10325A35A930078F7D9 /* Products */;
			projectDirPath = "";
			projectRoot = "";
			targets = (
				124FC10125A35A930078F7D9 /* tryPickerWork */,
			);
		};
/* End PBXProject section */

/* Begin PBXResourcesBuildPhase section */
		124FC10025A35A930078F7D9 /* Resources */ = {
			isa = PBXResourcesBuildPhase;
			buildActionMask = 2147483647;
			files = (
				124FC11225A35A940078F7D9 /* LaunchScreen.storyboard in Resources */,
				124FC10F25A35A940078F7D9 /* Assets.xcassets in Resources */,
				124FC10D25A35A930078F7D9 /* Main.storyboard in Resources */,
			);
			runOnlyForDeploymentPostprocessing = 0;
		};
/* End PBXResourcesBuildPhase section */

/* Begin PBXSourcesBuildPhase section */
		124FC0FE25A35A930078F7D9 /* Sources */ = {
			isa = PBXSourcesBuildPhase;
			buildActionMask = 2147483647;
			files = (
				124FC10625A35A930078F7D9 /* AppDelegate.swift in Sources */,
				124FC11C25A35C660078F7D9 /* PickerImgViewController.swift in Sources */,
				124FC10825A35A930078F7D9 /* SceneDelegate.swift in Sources */,
				124FC11F25A35C730078F7D9 /* PickerDocViewController.swift in Sources */,
			);
			runOnlyForDeploymentPostprocessing = 0;
		};
/* End PBXSourcesBuildPhase section */

/* Begin PBXVariantGroup section */
		124FC10B25A35A930078F7D9 /* Main.storyboard */ = {
			isa = PBXVariantGroup;
			children = (
				124FC10C25A35A930078F7D9 /* Base */,
			);
			name = Main.storyboard;
			sourceTree = "<group>";
		};
		124FC11025A35A940078F7D9 /* LaunchScreen.storyboard */ = {
			isa = PBXVariantGroup;
			children = (
				124FC11125A35A940078F7D9 /* Base */,
			);
			name = LaunchScreen.storyboard;
			sourceTree = "<group>";
		};
/* End PBXVariantGroup section */

/* Begin XCBuildConfiguration section */
		124FC11425A35A940078F7D9 /* Debug */ = {
			isa = XCBuildConfiguration;
			buildSettings = {
				ALWAYS_SEARCH_USER_PATHS = NO;
				CLANG_ANALYZER_NONNULL = YES;
				CLANG_ANALYZER_NUMBER_OBJECT_CONVERSION = YES_AGGRESSIVE;
				CLANG_CXX_LANGUAGE_STANDARD = "gnu++14";
				CLANG_CXX_LIBRARY = "libc++";
				CLANG_ENABLE_MODULES = YES;
				CLANG_ENABLE_OBJC_ARC = YES;
				CLANG_ENABLE_OBJC_WEAK = YES;
				CLANG_WARN_BLOCK_CAPTURE_AUTORELEASING = YES;
				CLANG_WARN_BOOL_CONVERSION = YES;
				CLANG_WARN_COMMA = YES;
				CLANG_WARN_CONSTANT_CONVERSION = YES;
				CLANG_WARN_DEPRECATED_OBJC_IMPLEMENTATIONS = YES;
				CLANG_WARN_DIRECT_OBJC_ISA_USAGE = YES_ERROR;
				CLANG_WARN_DOCUMENTATION_COMMENTS = YES;
				CLANG_WARN_EMPTY_BODY = YES;
				CLANG_WARN_ENUM_CONVERSION = YES;
				CLANG_WARN_INFINITE_RECURSION = YES;
				CLANG_WARN_INT_CONVERSION = YES;
				CLANG_WARN_NON_LITERAL_NULL_CONVERSION = YES;
				CLANG_WARN_OBJC_IMPLICIT_RETAIN_SELF = YES;
				CLANG_WARN_OBJC_LITERAL_CONVERSION = YES;
				CLANG_WARN_OBJC_ROOT_CLASS = YES_ERROR;
				CLANG_WARN_QUOTED_INCLUDE_IN_FRAMEWORK_HEADER = YES;
				CLANG_WARN_RANGE_LOOP_ANALYSIS = YES;
				CLANG_WARN_STRICT_PROTOTYPES = YES;
				CLANG_WARN_SUSPICIOUS_MOVE = YES;
				CLANG_WARN_UNGUARDED_AVAILABILITY = YES_AGGRESSIVE;
				CLANG_WARN_UNREACHABLE_CODE = YES;
				CLANG_WARN__DUPLICATE_METHOD_MATCH = YES;
				COPY_PHASE_STRIP = NO;
				DEBUG_INFORMATION_FORMAT = dwarf;
				ENABLE_STRICT_OBJC_MSGSEND = YES;
				ENABLE_TESTABILITY = YES;
				GCC_C_LANGUAGE_STANDARD = gnu11;
				GCC_DYNAMIC_NO_PIC = NO;
				GCC_NO_COMMON_BLOCKS = YES;
				GCC_OPTIMIZATION_LEVEL = 0;
				GCC_PREPROCESSOR_DEFINITIONS = (
					"DEBUG=1",
					"$(inherited)",
				);
				GCC_WARN_64_TO_32_BIT_CONVERSION = YES;
				GCC_WARN_ABOUT_RETURN_TYPE = YES_ERROR;
				GCC_WARN_UNDECLARED_SELECTOR = YES;
				GCC_WARN_UNINITIALIZED_AUTOS = YES_AGGRESSIVE;
				GCC_WARN_UNUSED_FUNCTION = YES;
				GCC_WARN_UNUSED_VARIABLE = YES;
				IPHONEOS_DEPLOYMENT_TARGET = 14.3;
				MTL_ENABLE_DEBUG_INFO = INCLUDE_SOURCE;
				MTL_FAST_MATH = YES;
				ONLY_ACTIVE_ARCH = YES;
				SDKROOT = iphoneos;
				SWIFT_ACTIVE_COMPILATION_CONDITIONS = DEBUG;
				SWIFT_OPTIMIZATION_LEVEL = "-Onone";
			};
			name = Debug;
		};
		124FC11525A35A940078F7D9 /* Release */ = {
			isa = XCBuildConfiguration;
			buildSettings = {
				ALWAYS_SEARCH_USER_PATHS = NO;
				CLANG_ANALYZER_NONNULL = YES;
				CLANG_ANALYZER_NUMBER_OBJECT_CONVERSION = YES_AGGRESSIVE;
				CLANG_CXX_LANGUAGE_STANDARD = "gnu++14";
				CLANG_CXX_LIBRARY = "libc++";
				CLANG_ENABLE_MODULES = YES;
				CLANG_ENABLE_OBJC_ARC = YES;
				CLANG_ENABLE_OBJC_WEAK = YES;
				CLANG_WARN_BLOCK_CAPTURE_AUTORELEASING = YES;
				CLANG_WARN_BOOL_CONVERSION = YES;
				CLANG_WARN_COMMA = YES;
				CLANG_WARN_CONSTANT_CONVERSION = YES;
				CLANG_WARN_DEPRECATED_OBJC_IMPLEMENTATIONS = YES;
				CLANG_WARN_DIRECT_OBJC_ISA_USAGE = YES_ERROR;
				CLANG_WARN_DOCUMENTATION_COMMENTS = YES;
				CLANG_WARN_EMPTY_BODY = YES;
				CLANG_WARN_ENUM_CONVERSION = YES;
				CLANG_WARN_INFINITE_RECURSION = YES;
				CLANG_WARN_INT_CONVERSION = YES;
				CLANG_WARN_NON_LITERAL_NULL_CONVERSION = YES;
				CLANG_WARN_OBJC_IMPLICIT_RETAIN_SELF = YES;
				CLANG_WARN_OBJC_LITERAL_CONVERSION = YES;
				CLANG_WARN_OBJC_ROOT_CLASS = YES_ERROR;
				CLANG_WARN_QUOTED_INCLUDE_IN_FRAMEWORK_HEADER = YES;
				CLANG_WARN_RANGE_LOOP_ANALYSIS = YES;
				CLANG_WARN_STRICT_PROTOTYPES = YES;
				CLANG_WARN_SUSPICIOUS_MOVE = YES;
				CLANG_WARN_UNGUARDED_AVAILABILITY = YES_AGGRESSIVE;
				CLANG_WARN_UNREACHABLE_CODE = YES;
				CLANG_WARN__DUPLICATE_METHOD_MATCH = YES;
				COPY_PHASE_STRIP = NO;
				DEBUG_INFORMATION_FORMAT = "dwarf-with-dsym";
				ENABLE_NS_ASSERTIONS = NO;
				ENABLE_STRICT_OBJC_MSGSEND = YES;
				GCC_C_LANGUAGE_STANDARD = gnu11;
				GCC_NO_COMMON_BLOCKS = YES;
				GCC_WARN_64_TO_32_BIT_CONVERSION = YES;
				GCC_WARN_ABOUT_RETURN_TYPE = YES_ERROR;
				GCC_WARN_UNDECLARED_SELECTOR = YES;
				GCC_WARN_UNINITIALIZED_AUTOS = YES_AGGRESSIVE;
				GCC_WARN_UNUSED_FUNCTION = YES;
				GCC_WARN_UNUSED_VARIABLE = YES;
				IPHONEOS_DEPLOYMENT_TARGET = 14.3;
				MTL_ENABLE_DEBUG_INFO = NO;
				MTL_FAST_MATH = YES;
				SDKROOT = iphoneos;
				SWIFT_COMPILATION_MODE = wholemodule;
				SWIFT_OPTIMIZATION_LEVEL = "-O";
				VALIDATE_PRODUCT = YES;
			};
			name = Release;
		};
		124FC11725A35A940078F7D9 /* Debug */ = {
			isa = XCBuildConfiguration;
			buildSettings = {
				ASSETCATALOG_COMPILER_APPICON_NAME = AppIcon;
				ASSETCATALOG_COMPILER_GLOBAL_ACCENT_COLOR_NAME = AccentColor;
				CODE_SIGN_STYLE = Automatic;
				INFOPLIST_FILE = tryPickerWork/Info.plist;
				LD_RUNPATH_SEARCH_PATHS = (
					"$(inherited)",
					"@executable_path/Frameworks",
				);
				PRODUCT_BUNDLE_IDENTIFIER = com.lulamoon.tryPickerWork;
				PRODUCT_NAME = "$(TARGET_NAME)";
				SWIFT_VERSION = 5.0;
				TARGETED_DEVICE_FAMILY = "1,2";
			};
			name = Debug;
		};
		124FC11825A35A940078F7D9 /* Release */ = {
			isa = XCBuildConfiguration;
			buildSettings = {
				ASSETCATALOG_COMPILER_APPICON_NAME = AppIcon;
				ASSETCATALOG_COMPILER_GLOBAL_ACCENT_COLOR_NAME = AccentColor;
				CODE_SIGN_STYLE = Automatic;
				INFOPLIST_FILE = tryPickerWork/Info.plist;
				LD_RUNPATH_SEARCH_PATHS = (
					"$(inherited)",
					"@executable_path/Frameworks",
				);
				PRODUCT_BUNDLE_IDENTIFIER = com.lulamoon.tryPickerWork;
				PRODUCT_NAME = "$(TARGET_NAME)";
				SWIFT_VERSION = 5.0;
				TARGETED_DEVICE_FAMILY = "1,2";
			};
			name = Release;
		};
/* End XCBuildConfiguration section */

/* Begin XCConfigurationList section */
		124FC0FD25A35A930078F7D9 /* Build configuration list for PBXProject "tryPickerWork" */ = {
			isa = XCConfigurationList;
			buildConfigurations = (
				124FC11425A35A940078F7D9 /* Debug */,
				124FC11525A35A940078F7D9 /* Release */,
			);
			defaultConfigurationIsVisible = 0;
			defaultConfigurationName = Release;
		};
		124FC11625A35A940078F7D9 /* Build configuration list for PBXNativeTarget "tryPickerWork" */ = {
			isa = XCConfigurationList;
			buildConfigurations = (
				124FC11725A35A940078F7D9 /* Debug */,
				124FC11825A35A940078F7D9 /* Release */,
			);
			defaultConfigurationIsVisible = 0;
			defaultConfigurationName = Release;
		};
/* End XCConfigurationList section */
	};
	rootObject = 124FC0FA25A35A930078F7D9 /* Project object */;
}
